
Microsoft Visual Studio Solution File, Format Version 12.00
# Visual Studio 15
VisualStudioVersion = 15.0.27004.2002
MinimumVisualStudioVersion = 10.0.40219.1
Project("{FAE04EC0-301F-11D3-BF4B-00C04F79EFBC}") = "PathFiender", "PathFiender\PathFiender.csproj", "{D6449566-EE05-4340-AECC-6E6BA0D84D7E}"
EndProject
Project("{FAE04EC0-301F-11D3-BF4B-00C04F79EFBC}") = "UnitTestFiender", "UnitTestFiender\UnitTestFiender.csproj", "{4A042D8C-5657-4529-8C08-C21C4EB6FE7F}"
EndProject
Global
	GlobalSection(SolutionConfigurationPlatforms) = preSolution
		Debug|Any CPU = Debug|Any CPU
		Release|Any CPU = Release|Any CPU
	EndGlobalSection
	GlobalSection(ProjectConfigurationPlatforms) = postSolution
		{D6449566-EE05-4340-AECC-6E6BA0D84D7E}.Debug|Any CPU.ActiveCfg = Debug|Any CPU
		{D6449566-EE05-4340-AECC-6E6BA0D84D7E}.Debug|Any CPU.Build.0 = Debug|Any CPU
		{D6449566-EE05-4340-AECC-6E6BA0D84D7E}.Release|Any CPU.ActiveCfg = Release|Any CPU
		{D6449566-EE05-4340-AECC-6E6BA0D84D7E}.Release|Any CPU.Build.0 = Release|Any CPU
		{4A042D8C-5657-4529-8C08-C21C4EB6FE7F}.Debug|Any CPU.ActiveCfg = Debug|Any CPU
		{4A042D8C-5657-4529-8C08-C21C4EB6FE7F}.Debug|Any CPU.Build.0 = Debug|Any CPU
		{4A042D8C-5657-4529-8C08-C21C4EB6FE7F}.Release|Any CPU.ActiveCfg = Release|Any CPU
		{4A042D8C-5657-4529-8C08-C21C4EB6FE7F}.Release|Any CPU.Build.0 = Release|Any CPU
	EndGlobalSection
	GlobalSection(SolutionProperties) = preSolution
		HideSolutionNode = FALSE
	EndGlobalSection
	GlobalSection(ExtensibilityGlobals) = postSolution
		SolutionGuid = {E33E53C4-B444-4F8E-A753-42307E37366B}
	EndGlobalSection
EndGlobal
